// !$*UTF8*$!
{
	archiveVersion = 1;
	classes = {
	};
	objectVersion = 46;
	objects = {

/* Begin PBXBuildFile section */
		FAA709081C225515003CA20A /* AppDelegate.swift in Sources */ = {isa = PBXBuildFile; fileRef = FAA709071C225515003CA20A /* AppDelegate.swift */; };
		FAA7090A1C225515003CA20A /* ViewController.swift in Sources */ = {isa = PBXBuildFile; fileRef = FAA709091C225515003CA20A /* ViewController.swift */; };
		FAA7090D1C225515003CA20A /* Main.storyboard in Resources */ = {isa = PBXBuildFile; fileRef = FAA7090B1C225515003CA20A /* Main.storyboard */; };
		FAA7090F1C225515003CA20A /* Assets.xcassets in Resources */ = {isa = PBXBuildFile; fileRef = FAA7090E1C225515003CA20A /* Assets.xcassets */; };
		FAA709121C225515003CA20A /* LaunchScreen.storyboard in Resources */ = {isa = PBXBuildFile; fileRef = FAA709101C225515003CA20A /* LaunchScreen.storyboard */; };
/* End PBXBuildFile section */

/* Begin PBXFileReference section */
		FAA709041C225515003CA20A /* gittest.app */ = {isa = PBXFileReference; explicitFileType = wrapper.application; includeInIndex = 0; path = gittest.app; sourceTree = BUILT_PRODUCTS_DIR; };
		FAA709071C225515003CA20A /* AppDelegate.swift */ = {isa = PBXFileReference; lastKnownFileType = sourcecode.swift; path = AppDelegate.swift; sourceTree = "<group>"; };
		FAA709091C225515003CA20A /* ViewController.swift */ = {isa = PBXFileReference; lastKnownFileType = sourcecode.swift; path = ViewController.swift; sourceTree = "<group>"; };
		FAA7090C1C225515003CA20A /* Base */ = {isa = PBXFileReference; lastKnownFileType = file.storyboard; name = Base; path = Base.lproj/Main.storyboard; sourceTree = "<group>"; };
		FAA7090E1C225515003CA20A /* Assets.xcassets */ = {isa = PBXFileReference; lastKnownFileType = folder.assetcatalog; path = Assets.xcassets; sourceTree = "<group>"; };
		FAA709111C225515003CA20A /* Base */ = {isa = PBXFileReference; lastKnownFileType = file.storyboard; name = Base; path = Base.lproj/LaunchScreen.storyboard; sourceTree = "<group>"; };
		FAA709131C225515003CA20A /* Info.plist */ = {isa = PBXFileReference; lastKnownFileType = text.plist.xml; path = Info.plist; sourceTree = "<group>"; };
/* End PBXFileReference section */

/* Begin PBXFrameworksBuildPhase section */
		FAA709011C225515003CA20A /* Frameworks */ = {
			isa = PBXFrameworksBuildPhase;
			buildActionMask = 2147483647;
			files = (
			);
			runOnlyForDeploymentPostprocessing = 0;
		};
/* End PBXFrameworksBuildPhase section */

/* Begin PBXGroup section */
		FAA708FB1C225515003CA20A = {
			isa = PBXGroup;
			children = (
				FAA709061C225515003CA20A /* gittest */,
				FAA709051C225515003CA20A /* Products */,
			);
			sourceTree = "<group>";
		};
		FAA709051C225515003CA20A /* Products */ = {
			isa = PBXGroup;
			children = (
				FAA709041C225515003CA20A /* gittest.app */,
			);
			name = Products;
			sourceTree = "<group>";
		};
		FAA709061C225515003CA20A /* gittest */ = {
			isa = PBXGroup;
			children = (
				FAA709071C225515003CA20A /* AppDelegate.swift */,
				FAA709091C225515003CA20A /* ViewController.swift */,
				FAA7090B1C225515003CA20A /* Main.storyboard */,
				FAA7090E1C225515003CA20A /* Assets.xcassets */,
				FAA709101C225515003CA20A /* LaunchScreen.storyboard */,
				FAA709131C225515003CA20A /* Info.plist */,
			);
			path = gittest;
			sourceTree = "<group>";
		};
/* End PBXGroup section */

/* Begin PBXNativeTarget section */
		FAA709031C225515003CA20A /* gittest */ = {
			isa = PBXNativeTarget;
			buildConfigurationList = FAA709161C225515003CA20A /* Build configuration list for PBXNativeTarget "gittest" */;
			buildPhases = (
				FAA709001C225515003CA20A /* Sources */,
				FAA709011C225515003CA20A /* Frameworks */,
				FAA709021C225515003CA20A /* Resources */,
			);
			buildRules = (
			);
			dependencies = (
			);
			name = gittest;
			productName = gittest;
			productReference = FAA709041C225515003CA20A /* gittest.app */;
			productType = "com.apple.product-type.application";
		};
/* End PBXNativeTarget section */

/* Begin PBXProject section */
		FAA708FC1C225515003CA20A /* Project object */ = {
			isa = PBXProject;
			attributes = {
				LastSwiftUpdateCheck = 0720;
				LastUpgradeCheck = 0720;
				ORGANIZATIONNAME = Hwang;
				TargetAttributes = {
					FAA709031C225515003CA20A = {
						CreatedOnToolsVersion = 7.2;
						DevelopmentTeam = 3JLWW6HUQ2;
					};
				};
			};
			buildConfigurationList = FAA708FF1C225515003CA20A /* Build configuration list for PBXProject "gittest" */;
			compatibilityVersion = "Xcode 3.2";
			developmentRegion = English;
			hasScannedForEncodings = 0;
			knownRegions = (
				en,
				Base,
			);
			mainGroup = FAA708FB1C225515003CA20A;
			productRefGroup = FAA709051C225515003CA20A /* Products */;
			projectDirPath = "";
			projectRoot = "";
			targets = (
				FAA709031C225515003CA20A /* gittest */,
			);
		};
/* End PBXProject section */

/* Begin PBXResourcesBuildPhase section */
		FAA709021C225515003CA20A /* Resources */ = {
			isa = PBXResourcesBuildPhase;
			buildActionMask = 2147483647;
			files = (
				FAA709121C225515003CA20A /* LaunchScreen.storyboard in Resources */,
				FAA7090F1C225515003CA20A /* Assets.xcassets in Resources */,
				FAA7090D1C225515003CA20A /* Main.storyboard in Resources */,
			);
			runOnlyForDeploymentPostprocessing = 0;
		};
/* End PBXResourcesBuildPhase section */

/* Begin PBXSourcesBuildPhase section */
		FAA709001C225515003CA20A /* Sources */ = {
			isa = PBXSourcesBuildPhase;
			buildActionMask = 2147483647;
			files = (
				FAA7090A1C225515003CA20A /* ViewController.swift in Sources */,
				FAA709081C225515003CA20A /* AppDelegate.swift in Sources */,
			);
			runOnlyForDeploymentPostprocessing = 0;
		};
/* End PBXSourcesBuildPhase section */

/* Begin PBXVariantGroup section */
		FAA7090B1C225515003CA20A /* Main.storyboard */ = {
			isa = PBXVariantGroup;
			children = (
				FAA7090C1C225515003CA20A /* Base */,
			);
			name = Main.storyboard;
			sourceTree = "<group>";
		};
		FAA709101C225515003CA20A /* LaunchScreen.storyboard */ = {
			isa = PBXVariantGroup;
			children = (
				FAA709111C225515003CA20A /* Base */,
			);
			name = LaunchScreen.storyboard;
			sourceTree = "<group>";
		};
/* End PBXVariantGroup section */

/* Begin XCBuildConfiguration section */
		FAA709141C225515003CA20A /* Debug */ = {
			isa = XCBuildConfiguration;
			buildSettings = {
				ALWAYS_SEARCH_USER_PATHS = NO;
				CLANG_CXX_LANGUAGE_STANDARD = "gnu++0x";
				CLANG_CXX_LIBRARY = "libc++";
				CLANG_ENABLE_MODULES = YES;
				CLANG_ENABLE_OBJC_ARC = YES;
				CLANG_WARN_BOOL_CONVERSION = YES;
				CLANG_WARN_CONSTANT_CONVERSION = YES;
				CLANG_WARN_DIRECT_OBJC_ISA_USAGE = YES_ERROR;
				CLANG_WARN_EMPTY_BODY = YES;
				CLANG_WARN_ENUM_CONVERSION = YES;
				CLANG_WARN_INT_CONVERSION = YES;
				CLANG_WARN_OBJC_ROOT_CLASS = YES_ERROR;
				CLANG_WARN_UNREACHABLE_CODE = YES;
				CLANG_WARN__DUPLICATE_METHOD_MATCH = YES;
				"CODE_SIGN_IDENTITY[sdk=iphoneos*]" = "iPhone Developer";
				COPY_PHASE_STRIP = NO;
				DEBUG_INFORMATION_FORMAT = dwarf;
				ENABLE_STRICT_OBJC_MSGSEND = YES;
				ENABLE_TESTABILITY = YES;
				GCC_C_LANGUAGE_STANDARD = gnu99;
				GCC_DYNAMIC_NO_PIC = NO;
				GCC_NO_COMMON_BLOCKS = YES;
				GCC_OPTIMIZATION_LEVEL = 0;
				GCC_PREPROCESSOR_DEFINITIONS = (
					"DEBUG=1",
					"$(inherited)",
				);
				GCC_WARN_64_TO_32_BIT_CONVERSION = YES;
				GCC_WARN_ABOUT_RETURN_TYPE = YES_ERROR;
				GCC_WARN_UNDECLARED_SELECTOR = YES;
				GCC_WARN_UNINITIALIZED_AUTOS = YES_AGGRESSIVE;
				GCC_WARN_UNUSED_FUNCTION = YES;
				GCC_WARN_UNUSED_VARIABLE = YES;
				IPHONEOS_DEPLOYMENT_TARGET = 9.2;
				MTL_ENABLE_DEBUG_INFO = YES;
				ONLY_ACTIVE_ARCH = YES;
				SDKROOT = iphoneos;
				SWIFT_OPTIMIZATION_LEVEL = "-Onone";
			};
			name = Debug;
		};
		FAA709151C225515003CA20A /* Release */ = {
			isa = XCBuildConfiguration;
			buildSettings = {
				ALWAYS_SEARCH_USER_PATHS = NO;
				CLANG_CXX_LANGUAGE_STANDARD = "gnu++0x";
				CLANG_CXX_LIBRARY = "libc++";
				CLANG_ENABLE_MODULES = YES;
				CLANG_ENABLE_OBJC_ARC = YES;
				CLANG_WARN_BOOL_CONVERSION = YES;
				CLANG_WARN_CONSTANT_CONVERSION = YES;
				CLANG_WARN_DIRECT_OBJC_ISA_USAGE = YES_ERROR;
				CLANG_WARN_EMPTY_BODY = YES;
				CLANG_WARN_ENUM_CONVERSION = YES;
				CLANG_WARN_INT_CONVERSION = YES;
				CLANG_WARN_OBJC_ROOT_CLASS = YES_ERROR;
				CLANG_WARN_UNREACHABLE_CODE = YES;
				CLANG_WARN__DUPLICATE_METHOD_MATCH = YES;
				"CODE_SIGN_IDENTITY[sdk=iphoneos*]" = "iPhone Developer";
				COPY_PHASE_STRIP = NO;
				DEBUG_INFORMATION_FORMAT = "dwarf-with-dsym";
				ENABLE_NS_ASSERTIONS = NO;
				ENABLE_STRICT_OBJC_MSGSEND = YES;
				GCC_C_LANGUAGE_STANDARD = gnu99;
				GCC_NO_COMMON_BLOCKS = YES;
				GCC_WARN_64_TO_32_BIT_CONVERSION = YES;
				GCC_WARN_ABOUT_RETURN_TYPE = YES_ERROR;
				GCC_WARN_UNDECLARED_SELECTOR = YES;
				GCC_WARN_UNINITIALIZED_AUTOS = YES_AGGRESSIVE;
				GCC_WARN_UNUSED_FUNCTION = YES;
				GCC_WARN_UNUSED_VARIABLE = YES;
				IPHONEOS_DEPLOYMENT_TARGET = 9.2;
				MTL_ENABLE_DEBUG_INFO = NO;
				SDKROOT = iphoneos;
				VALIDATE_PRODUCT = YES;
			};
			name = Release;
		};
		FAA709171C225515003CA20A /* Debug */ = {
			isa = XCBuildConfiguration;
			buildSettings = {
				ASSETCATALOG_COMPILER_APPICON_NAME = AppIcon;
				INFOPLIST_FILE = gittest/Info.plist;
				LD_RUNPATH_SEARCH_PATHS = "$(inherited) @executable_path/Frameworks";
				PRODUCT_BUNDLE_IDENTIFIER = com.zinnaworks.gittest;
				PRODUCT_NAME = "$(TARGET_NAME)";
			};
			name = Debug;
		};
		FAA709181C225515003CA20A /* Release */ = {
			isa = XCBuildConfiguration;
			buildSettings = {
				ASSETCATALOG_COMPILER_APPICON_NAME = AppIcon;
				INFOPLIST_FILE = gittest/Info.plist;
				LD_RUNPATH_SEARCH_PATHS = "$(inherited) @executable_path/Frameworks";
				PRODUCT_BUNDLE_IDENTIFIER = com.zinnaworks.gittest;
				PRODUCT_NAME = "$(TARGET_NAME)";
			};
			name = Release;
		};
/* End XCBuildConfiguration section */

/* Begin XCConfigurationList section */
		FAA708FF1C225515003CA20A /* Build configuration list for PBXProject "gittest" */ = {
			isa = XCConfigurationList;
			buildConfigurations = (
				FAA709141C225515003CA20A /* Debug */,
				FAA709151C225515003CA20A /* Release */,
			);
			defaultConfigurationIsVisible = 0;
			defaultConfigurationName = Release;
		};
		FAA709161C225515003CA20A /* Build configuration list for PBXNativeTarget "gittest" */ = {
			isa = XCConfigurationList;
			buildConfigurations = (
				FAA709171C225515003CA20A /* Debug */,
				FAA709181C225515003CA20A /* Release */,
			);
			defaultConfigurationIsVisible = 0;
		};
/* End XCConfigurationList section */
	};
	rootObject = FAA708FC1C225515003CA20A /* Project object */;
}
